
Microsoft Visual Studio Solution File, Format Version 12.00
# Visual Studio Version 17
VisualStudioVersion = 17.3.32929.385
MinimumVisualStudioVersion = 10.0.40219.1
Project("{FAE04EC0-301F-11D3-BF4B-00C04F79EFBC}") = "PdfReducer", "PdfReducer.csproj", "{0E3BD6FE-31DD-40F6-BD3E-A66CD280A573}"
EndProject
Global
	GlobalSection(SolutionConfigurationPlatforms) = preSolution
		Debug|Any CPU = Debug|Any CPU
		Release|Any CPU = Release|Any CPU
	EndGlobalSection
	GlobalSection(ProjectConfigurationPlatforms) = postSolution
		{0E3BD6FE-31DD-40F6-BD3E-A66CD280A573}.Debug|Any CPU.ActiveCfg = Debug|Any CPU
		{0E3BD6FE-31DD-40F6-BD3E-A66CD280A573}.Debug|Any CPU.Build.0 = Debug|Any CPU
		{0E3BD6FE-31DD-40F6-BD3E-A66CD280A573}.Release|Any CPU.ActiveCfg = Release|Any CPU
		{0E3BD6FE-31DD-40F6-BD3E-A66CD280A573}.Release|Any CPU.Build.0 = Release|Any CPU
	EndGlobalSection
	GlobalSection(SolutionProperties) = preSolution
		HideSolutionNode = FALSE
	EndGlobalSection
	GlobalSection(ExtensibilityGlobals) = postSolution
		SolutionGuid = {B3694EFB-C103-429E-99D5-FB3948195AD1}
	EndGlobalSection
EndGlobal
